
Microsoft Visual Studio Solution File, Format Version 12.00
# Visual Studio 14
VisualStudioVersion = 14.0.25420.1
MinimumVisualStudioVersion = 10.0.40219.1
Project("{2150E333-8FDC-42A3-9474-1A3956D46DE8}") = "src", "src", "{D63AD083-8BD5-428F-9555-385399AE3C73}"
EndProject
Project("{2150E333-8FDC-42A3-9474-1A3956D46DE8}") = "Solution Items", "Solution Items", "{781FB02F-8251-4FE2-B365-C3FED418CC61}"
	ProjectSection(SolutionItems) = preProject
		global.json = global.json
	EndProjectSection
EndProject
Project("{8BB2217D-0F2D-49D1-97BC-3654ED321F3B}") = "NetCoreManager.Mvc", "src\NetCoreManager\NetCoreManager.Mvc.xproj", "{B98D98F0-BD84-46AF-8C45-72705EF56156}"
EndProject
Project("{2150E333-8FDC-42A3-9474-1A3956D46DE8}") = "1- Presentation (展现层)", "1- Presentation (展现层)", "{28A5DC24-CED1-4A23-90D8-07C7FC70B418}"
EndProject
Project("{2150E333-8FDC-42A3-9474-1A3956D46DE8}") = "2- Application (应用层)", "2- Application (应用层)", "{CF2A81B1-05F4-4156-A1BC-47E9A71FCF81}"
EndProject
Project("{2150E333-8FDC-42A3-9474-1A3956D46DE8}") = "3- Domain (领域层)", "3- Domain (领域层)", "{7945CC79-1022-4731-A067-CADFEEC42407}"
EndProject
Project("{2150E333-8FDC-42A3-9474-1A3956D46DE8}") = "4- Infrastructure（基础设施层）", "4- Infrastructure（基础设施层）", "{33693F85-47EC-4674-8698-8BE0C40F67A8}"
EndProject
Project("{8BB2217D-0F2D-49D1-97BC-3654ED321F3B}") = "NetCoreManager.Component.Tools", "NetCoreManager.Component.Tools\NetCoreManager.Component.Tools.xproj", "{0416C3FC-7CC4-4185-903B-DB34FC7AB277}"
EndProject
Project("{8BB2217D-0F2D-49D1-97BC-3654ED321F3B}") = "NetCoreManager.Application.Services", "NetCoreManager.Application\NetCoreManager.Application.Services.xproj", "{28139439-8989-4E2C-8EE5-6998EC70C10B}"
EndProject
Project("{8BB2217D-0F2D-49D1-97BC-3654ED321F3B}") = "NetCoreManager.Application.Interface", "NetCoreManager.Application.Interface\NetCoreManager.Application.Interface.xproj", "{F74FF837-1082-4BA1-BB1E-40E784A61B2C}"
EndProject
Project("{8BB2217D-0F2D-49D1-97BC-3654ED321F3B}") = "NetCoreManager.Domain", "NetCoreManager.Domain\NetCoreManager.Domain.xproj", "{AD1A9B20-AF57-448D-8A1E-CBD7B221EF85}"
EndProject
Global
	GlobalSection(SolutionConfigurationPlatforms) = preSolution
		Debug|Any CPU = Debug|Any CPU
		Release|Any CPU = Release|Any CPU
	EndGlobalSection
	GlobalSection(ProjectConfigurationPlatforms) = postSolution
		{B98D98F0-BD84-46AF-8C45-72705EF56156}.Debug|Any CPU.ActiveCfg = Debug|Any CPU
		{B98D98F0-BD84-46AF-8C45-72705EF56156}.Debug|Any CPU.Build.0 = Debug|Any CPU
		{B98D98F0-BD84-46AF-8C45-72705EF56156}.Release|Any CPU.ActiveCfg = Release|Any CPU
		{B98D98F0-BD84-46AF-8C45-72705EF56156}.Release|Any CPU.Build.0 = Release|Any CPU
		{0416C3FC-7CC4-4185-903B-DB34FC7AB277}.Debug|Any CPU.ActiveCfg = Debug|Any CPU
		{0416C3FC-7CC4-4185-903B-DB34FC7AB277}.Debug|Any CPU.Build.0 = Debug|Any CPU
		{0416C3FC-7CC4-4185-903B-DB34FC7AB277}.Release|Any CPU.ActiveCfg = Release|Any CPU
		{0416C3FC-7CC4-4185-903B-DB34FC7AB277}.Release|Any CPU.Build.0 = Release|Any CPU
		{28139439-8989-4E2C-8EE5-6998EC70C10B}.Debug|Any CPU.ActiveCfg = Debug|Any CPU
		{28139439-8989-4E2C-8EE5-6998EC70C10B}.Debug|Any CPU.Build.0 = Debug|Any CPU
		{28139439-8989-4E2C-8EE5-6998EC70C10B}.Release|Any CPU.ActiveCfg = Release|Any CPU
		{28139439-8989-4E2C-8EE5-6998EC70C10B}.Release|Any CPU.Build.0 = Release|Any CPU
		{F74FF837-1082-4BA1-BB1E-40E784A61B2C}.Debug|Any CPU.ActiveCfg = Debug|Any CPU
		{F74FF837-1082-4BA1-BB1E-40E784A61B2C}.Debug|Any CPU.Build.0 = Debug|Any CPU
		{F74FF837-1082-4BA1-BB1E-40E784A61B2C}.Release|Any CPU.ActiveCfg = Release|Any CPU
		{F74FF837-1082-4BA1-BB1E-40E784A61B2C}.Release|Any CPU.Build.0 = Release|Any CPU
		{AD1A9B20-AF57-448D-8A1E-CBD7B221EF85}.Debug|Any CPU.ActiveCfg = Debug|Any CPU
		{AD1A9B20-AF57-448D-8A1E-CBD7B221EF85}.Debug|Any CPU.Build.0 = Debug|Any CPU
		{AD1A9B20-AF57-448D-8A1E-CBD7B221EF85}.Release|Any CPU.ActiveCfg = Release|Any CPU
		{AD1A9B20-AF57-448D-8A1E-CBD7B221EF85}.Release|Any CPU.Build.0 = Release|Any CPU
	EndGlobalSection
	GlobalSection(SolutionProperties) = preSolution
		HideSolutionNode = FALSE
	EndGlobalSection
	GlobalSection(NestedProjects) = preSolution
		{B98D98F0-BD84-46AF-8C45-72705EF56156} = {28A5DC24-CED1-4A23-90D8-07C7FC70B418}
		{28A5DC24-CED1-4A23-90D8-07C7FC70B418} = {D63AD083-8BD5-428F-9555-385399AE3C73}
		{CF2A81B1-05F4-4156-A1BC-47E9A71FCF81} = {D63AD083-8BD5-428F-9555-385399AE3C73}
		{7945CC79-1022-4731-A067-CADFEEC42407} = {D63AD083-8BD5-428F-9555-385399AE3C73}
		{33693F85-47EC-4674-8698-8BE0C40F67A8} = {D63AD083-8BD5-428F-9555-385399AE3C73}
		{0416C3FC-7CC4-4185-903B-DB34FC7AB277} = {33693F85-47EC-4674-8698-8BE0C40F67A8}
		{28139439-8989-4E2C-8EE5-6998EC70C10B} = {CF2A81B1-05F4-4156-A1BC-47E9A71FCF81}
		{F74FF837-1082-4BA1-BB1E-40E784A61B2C} = {CF2A81B1-05F4-4156-A1BC-47E9A71FCF81}
		{AD1A9B20-AF57-448D-8A1E-CBD7B221EF85} = {7945CC79-1022-4731-A067-CADFEEC42407}
	EndGlobalSection
EndGlobal
