
Microsoft Visual Studio Solution File, Format Version 12.00
# Visual Studio 15
VisualStudioVersion = 15.0.26430.6
MinimumVisualStudioVersion = 10.0.40219.1
Project("{2150E333-8FDC-42A3-9474-1A3956D46DE8}") = "src", "src", "{D63AD083-8BD5-428F-9555-385399AE3C73}"
EndProject
Project("{2150E333-8FDC-42A3-9474-1A3956D46DE8}") = "Solution Items", "Solution Items", "{781FB02F-8251-4FE2-B365-C3FED418CC61}"
EndProject
Project("{2150E333-8FDC-42A3-9474-1A3956D46DE8}") = "1- Presentation (展现层)", "1- Presentation (展现层)", "{28A5DC24-CED1-4A23-90D8-07C7FC70B418}"
EndProject
Project("{2150E333-8FDC-42A3-9474-1A3956D46DE8}") = "2- Application (应用层)", "2- Application (应用层)", "{CF2A81B1-05F4-4156-A1BC-47E9A71FCF81}"
EndProject
Project("{2150E333-8FDC-42A3-9474-1A3956D46DE8}") = "3- Domain (领域层)", "3- Domain (领域层)", "{7945CC79-1022-4731-A067-CADFEEC42407}"
EndProject
Project("{2150E333-8FDC-42A3-9474-1A3956D46DE8}") = "4- Infrastructure（基础设施层）", "4- Infrastructure（基础设施层）", "{33693F85-47EC-4674-8698-8BE0C40F67A8}"
EndProject
Project("{2150E333-8FDC-42A3-9474-1A3956D46DE8}") = "test", "test", "{ECA94DF9-3862-478D-A1AD-32AB9E33457D}"
EndProject
Project("{9A19103F-16F7-4668-BE54-9A1E7A4F7556}") = "NetCoreManager", "src\NetCoreManager\NetCoreManager.csproj", "{B98D98F0-BD84-46AF-8C45-72705EF56156}"
EndProject
Project("{9A19103F-16F7-4668-BE54-9A1E7A4F7556}") = "NetCoreManager.Application.Interface", "src\NetCoreManager.Application.Interface\NetCoreManager.Application.Interface.csproj", "{F74FF837-1082-4BA1-BB1E-40E784A61B2C}"
EndProject
Project("{9A19103F-16F7-4668-BE54-9A1E7A4F7556}") = "NetCoreManager.Domain", "src\NetCoreManager.Domain\NetCoreManager.Domain.csproj", "{AD1A9B20-AF57-448D-8A1E-CBD7B221EF85}"
EndProject
Project("{9A19103F-16F7-4668-BE54-9A1E7A4F7556}") = "NetCoreManager.Component.Tools", "src\NetCoreManager.Component.Tools\NetCoreManager.Component.Tools.csproj", "{0416C3FC-7CC4-4185-903B-DB34FC7AB277}"
EndProject
Project("{9A19103F-16F7-4668-BE54-9A1E7A4F7556}") = "NetCoreManager.Application.Services", "src\NetCoreManager.Application.Services\NetCoreManager.Application.Services.csproj", "{5BA39284-6585-4BBF-9DAC-E3DD72C3A621}"
EndProject
Project("{9A19103F-16F7-4668-BE54-9A1E7A4F7556}") = "NetCoreManager.Test", "src\NetCoreManager.Test\NetCoreManager.Test.csproj", "{FD18C6BB-20FD-4475-8A43-62B7E3F73F6E}"
EndProject
Project("{9A19103F-16F7-4668-BE54-9A1E7A4F7556}") = "NetCoreManager.Infrastructure.IoC", "src\NetCoreManager.Infrastructure.IoC\NetCoreManager.Infrastructure.IoC.csproj", "{20C1289C-C9B8-4065-8D3A-3F1C7F401083}"
EndProject
Project("{9A19103F-16F7-4668-BE54-9A1E7A4F7556}") = "NetCoreManager.Infrastructure", "src\NetCoreManager.Infrastructure\NetCoreManager.Infrastructure.csproj", "{E417B64F-6FA3-4325-B6A5-AC6D041736B3}"
EndProject
Project("{9A19103F-16F7-4668-BE54-9A1E7A4F7556}") = "NetCoreManager.Test.Web", "src\NetCoreManager.Test.Web\NetCoreManager.Test.Web.csproj", "{581B74C6-831F-4C3A-BF19-7E2727B7BB51}"
EndProject
Project("{9A19103F-16F7-4668-BE54-9A1E7A4F7556}") = "NetCoreManager.Infrastructure.UnitOfWork", "src\NetCoreManager.Infrastructure.UnitOfWork\NetCoreManager.Infrastructure.UnitOfWork.csproj", "{26966F5F-2956-4D19-99A7-A2F5F6AAFA97}"
EndProject
Project("{9A19103F-16F7-4668-BE54-9A1E7A4F7556}") = "NetCoreManager.WebApi", "src\NetCoreManager.WebApi\NetCoreManager.WebApi.csproj", "{98DAC15C-5CF5-4EDF-9E69-EF4DC5E4D9DD}"
EndProject
Project("{FAE04EC0-301F-11D3-BF4B-00C04F79EFBC}") = "NetCoreManager.EnNotesApi", "src\NetCoreManager.EnNotesApi\NetCoreManager.EnNotesApi.csproj", "{B6E3F26C-C148-47C0-84ED-EB176E343638}"
EndProject
Global
	GlobalSection(SolutionConfigurationPlatforms) = preSolution
		Debug|Any CPU = Debug|Any CPU
		Release|Any CPU = Release|Any CPU
	EndGlobalSection
	GlobalSection(ProjectConfigurationPlatforms) = postSolution
		{B98D98F0-BD84-46AF-8C45-72705EF56156}.Debug|Any CPU.ActiveCfg = Debug|Any CPU
		{B98D98F0-BD84-46AF-8C45-72705EF56156}.Debug|Any CPU.Build.0 = Debug|Any CPU
		{B98D98F0-BD84-46AF-8C45-72705EF56156}.Release|Any CPU.ActiveCfg = Release|Any CPU
		{B98D98F0-BD84-46AF-8C45-72705EF56156}.Release|Any CPU.Build.0 = Release|Any CPU
		{F74FF837-1082-4BA1-BB1E-40E784A61B2C}.Debug|Any CPU.ActiveCfg = Debug|Any CPU
		{F74FF837-1082-4BA1-BB1E-40E784A61B2C}.Debug|Any CPU.Build.0 = Debug|Any CPU
		{F74FF837-1082-4BA1-BB1E-40E784A61B2C}.Release|Any CPU.ActiveCfg = Release|Any CPU
		{F74FF837-1082-4BA1-BB1E-40E784A61B2C}.Release|Any CPU.Build.0 = Release|Any CPU
		{AD1A9B20-AF57-448D-8A1E-CBD7B221EF85}.Debug|Any CPU.ActiveCfg = Debug|Any CPU
		{AD1A9B20-AF57-448D-8A1E-CBD7B221EF85}.Debug|Any CPU.Build.0 = Debug|Any CPU
		{AD1A9B20-AF57-448D-8A1E-CBD7B221EF85}.Release|Any CPU.ActiveCfg = Release|Any CPU
		{AD1A9B20-AF57-448D-8A1E-CBD7B221EF85}.Release|Any CPU.Build.0 = Release|Any CPU
		{0416C3FC-7CC4-4185-903B-DB34FC7AB277}.Debug|Any CPU.ActiveCfg = Debug|Any CPU
		{0416C3FC-7CC4-4185-903B-DB34FC7AB277}.Debug|Any CPU.Build.0 = Debug|Any CPU
		{0416C3FC-7CC4-4185-903B-DB34FC7AB277}.Release|Any CPU.ActiveCfg = Release|Any CPU
		{0416C3FC-7CC4-4185-903B-DB34FC7AB277}.Release|Any CPU.Build.0 = Release|Any CPU
		{5BA39284-6585-4BBF-9DAC-E3DD72C3A621}.Debug|Any CPU.ActiveCfg = Debug|Any CPU
		{5BA39284-6585-4BBF-9DAC-E3DD72C3A621}.Debug|Any CPU.Build.0 = Debug|Any CPU
		{5BA39284-6585-4BBF-9DAC-E3DD72C3A621}.Release|Any CPU.ActiveCfg = Release|Any CPU
		{5BA39284-6585-4BBF-9DAC-E3DD72C3A621}.Release|Any CPU.Build.0 = Release|Any CPU
		{FD18C6BB-20FD-4475-8A43-62B7E3F73F6E}.Debug|Any CPU.ActiveCfg = Debug|Any CPU
		{FD18C6BB-20FD-4475-8A43-62B7E3F73F6E}.Debug|Any CPU.Build.0 = Debug|Any CPU
		{FD18C6BB-20FD-4475-8A43-62B7E3F73F6E}.Release|Any CPU.ActiveCfg = Release|Any CPU
		{FD18C6BB-20FD-4475-8A43-62B7E3F73F6E}.Release|Any CPU.Build.0 = Release|Any CPU
		{20C1289C-C9B8-4065-8D3A-3F1C7F401083}.Debug|Any CPU.ActiveCfg = Debug|Any CPU
		{20C1289C-C9B8-4065-8D3A-3F1C7F401083}.Debug|Any CPU.Build.0 = Debug|Any CPU
		{20C1289C-C9B8-4065-8D3A-3F1C7F401083}.Release|Any CPU.ActiveCfg = Release|Any CPU
		{20C1289C-C9B8-4065-8D3A-3F1C7F401083}.Release|Any CPU.Build.0 = Release|Any CPU
		{E417B64F-6FA3-4325-B6A5-AC6D041736B3}.Debug|Any CPU.ActiveCfg = Debug|Any CPU
		{E417B64F-6FA3-4325-B6A5-AC6D041736B3}.Debug|Any CPU.Build.0 = Debug|Any CPU
		{E417B64F-6FA3-4325-B6A5-AC6D041736B3}.Release|Any CPU.ActiveCfg = Release|Any CPU
		{E417B64F-6FA3-4325-B6A5-AC6D041736B3}.Release|Any CPU.Build.0 = Release|Any CPU
		{581B74C6-831F-4C3A-BF19-7E2727B7BB51}.Debug|Any CPU.ActiveCfg = Debug|Any CPU
		{581B74C6-831F-4C3A-BF19-7E2727B7BB51}.Debug|Any CPU.Build.0 = Debug|Any CPU
		{581B74C6-831F-4C3A-BF19-7E2727B7BB51}.Release|Any CPU.ActiveCfg = Release|Any CPU
		{581B74C6-831F-4C3A-BF19-7E2727B7BB51}.Release|Any CPU.Build.0 = Release|Any CPU
		{26966F5F-2956-4D19-99A7-A2F5F6AAFA97}.Debug|Any CPU.ActiveCfg = Debug|Any CPU
		{26966F5F-2956-4D19-99A7-A2F5F6AAFA97}.Debug|Any CPU.Build.0 = Debug|Any CPU
		{26966F5F-2956-4D19-99A7-A2F5F6AAFA97}.Release|Any CPU.ActiveCfg = Release|Any CPU
		{26966F5F-2956-4D19-99A7-A2F5F6AAFA97}.Release|Any CPU.Build.0 = Release|Any CPU
		{98DAC15C-5CF5-4EDF-9E69-EF4DC5E4D9DD}.Debug|Any CPU.ActiveCfg = Debug|Any CPU
		{98DAC15C-5CF5-4EDF-9E69-EF4DC5E4D9DD}.Debug|Any CPU.Build.0 = Debug|Any CPU
		{98DAC15C-5CF5-4EDF-9E69-EF4DC5E4D9DD}.Release|Any CPU.ActiveCfg = Release|Any CPU
		{98DAC15C-5CF5-4EDF-9E69-EF4DC5E4D9DD}.Release|Any CPU.Build.0 = Release|Any CPU
		{B6E3F26C-C148-47C0-84ED-EB176E343638}.Debug|Any CPU.ActiveCfg = Debug|Any CPU
		{B6E3F26C-C148-47C0-84ED-EB176E343638}.Debug|Any CPU.Build.0 = Debug|Any CPU
		{B6E3F26C-C148-47C0-84ED-EB176E343638}.Release|Any CPU.ActiveCfg = Release|Any CPU
		{B6E3F26C-C148-47C0-84ED-EB176E343638}.Release|Any CPU.Build.0 = Release|Any CPU
	EndGlobalSection
	GlobalSection(SolutionProperties) = preSolution
		HideSolutionNode = FALSE
	EndGlobalSection
	GlobalSection(NestedProjects) = preSolution
		{28A5DC24-CED1-4A23-90D8-07C7FC70B418} = {D63AD083-8BD5-428F-9555-385399AE3C73}
		{CF2A81B1-05F4-4156-A1BC-47E9A71FCF81} = {D63AD083-8BD5-428F-9555-385399AE3C73}
		{7945CC79-1022-4731-A067-CADFEEC42407} = {D63AD083-8BD5-428F-9555-385399AE3C73}
		{33693F85-47EC-4674-8698-8BE0C40F67A8} = {D63AD083-8BD5-428F-9555-385399AE3C73}
		{B98D98F0-BD84-46AF-8C45-72705EF56156} = {28A5DC24-CED1-4A23-90D8-07C7FC70B418}
		{F74FF837-1082-4BA1-BB1E-40E784A61B2C} = {CF2A81B1-05F4-4156-A1BC-47E9A71FCF81}
		{AD1A9B20-AF57-448D-8A1E-CBD7B221EF85} = {7945CC79-1022-4731-A067-CADFEEC42407}
		{0416C3FC-7CC4-4185-903B-DB34FC7AB277} = {33693F85-47EC-4674-8698-8BE0C40F67A8}
		{5BA39284-6585-4BBF-9DAC-E3DD72C3A621} = {CF2A81B1-05F4-4156-A1BC-47E9A71FCF81}
		{FD18C6BB-20FD-4475-8A43-62B7E3F73F6E} = {ECA94DF9-3862-478D-A1AD-32AB9E33457D}
		{20C1289C-C9B8-4065-8D3A-3F1C7F401083} = {33693F85-47EC-4674-8698-8BE0C40F67A8}
		{E417B64F-6FA3-4325-B6A5-AC6D041736B3} = {33693F85-47EC-4674-8698-8BE0C40F67A8}
		{581B74C6-831F-4C3A-BF19-7E2727B7BB51} = {ECA94DF9-3862-478D-A1AD-32AB9E33457D}
		{26966F5F-2956-4D19-99A7-A2F5F6AAFA97} = {33693F85-47EC-4674-8698-8BE0C40F67A8}
		{98DAC15C-5CF5-4EDF-9E69-EF4DC5E4D9DD} = {28A5DC24-CED1-4A23-90D8-07C7FC70B418}
		{B6E3F26C-C148-47C0-84ED-EB176E343638} = {28A5DC24-CED1-4A23-90D8-07C7FC70B418}
	EndGlobalSection
EndGlobal
